
Microsoft Visual Studio Solution File, Format Version 12.00
# Visual Studio 15
VisualStudioVersion = 15.0.26730.10
MinimumVisualStudioVersion = 10.0.40219.1
Project("{9A19103F-16F7-4668-BE54-9A1E7A4F7556}") = "AtosPark", "AtosPark\AtosPark\AtosPark.csproj", "{66E8B638-9451-4CFB-BE88-9AB821146CFC}"
EndProject
Project("{FAE04EC0-301F-11D3-BF4B-00C04F79EFBC}") = "AtosPark.iOS", "AtosPark\AtosPark.iOS\AtosPark.iOS.csproj", "{E72EB710-678A-4F49-AB47-EE1ACC5E3C7B}"
EndProject
Project("{FAE04EC0-301F-11D3-BF4B-00C04F79EFBC}") = "AtosPark.Android", "AtosPark\AtosPark.Android\AtosPark.Android.csproj", "{99AEA68E-8B2A-4760-9FEC-2111FE98175E}"
EndProject
Project("{FAE04EC0-301F-11D3-BF4B-00C04F79EFBC}") = "AtosParkAPI", "AtosParkAPI\AtosParkAPI.csproj", "{3F156757-C963-4A17-B045-B9164186BE85}"
EndProject
Global
	GlobalSection(SolutionConfigurationPlatforms) = preSolution
		Ad-Hoc|Any CPU = Ad-Hoc|Any CPU
		Ad-Hoc|ARM = Ad-Hoc|ARM
		Ad-Hoc|iPhone = Ad-Hoc|iPhone
		Ad-Hoc|iPhoneSimulator = Ad-Hoc|iPhoneSimulator
		Ad-Hoc|x64 = Ad-Hoc|x64
		Ad-Hoc|x86 = Ad-Hoc|x86
		AppStore|Any CPU = AppStore|Any CPU
		AppStore|ARM = AppStore|ARM
		AppStore|iPhone = AppStore|iPhone
		AppStore|iPhoneSimulator = AppStore|iPhoneSimulator
		AppStore|x64 = AppStore|x64
		AppStore|x86 = AppStore|x86
		Debug|Any CPU = Debug|Any CPU
		Debug|ARM = Debug|ARM
		Debug|iPhone = Debug|iPhone
		Debug|iPhoneSimulator = Debug|iPhoneSimulator
		Debug|x64 = Debug|x64
		Debug|x86 = Debug|x86
		Release|Any CPU = Release|Any CPU
		Release|ARM = Release|ARM
		Release|iPhone = Release|iPhone
		Release|iPhoneSimulator = Release|iPhoneSimulator
		Release|x64 = Release|x64
		Release|x86 = Release|x86
	EndGlobalSection
	GlobalSection(ProjectConfigurationPlatforms) = postSolution
		{66E8B638-9451-4CFB-BE88-9AB821146CFC}.Ad-Hoc|Any CPU.ActiveCfg = Debug|Any CPU
		{66E8B638-9451-4CFB-BE88-9AB821146CFC}.Ad-Hoc|Any CPU.Build.0 = Debug|Any CPU
		{66E8B638-9451-4CFB-BE88-9AB821146CFC}.Ad-Hoc|ARM.ActiveCfg = Debug|Any CPU
		{66E8B638-9451-4CFB-BE88-9AB821146CFC}.Ad-Hoc|ARM.Build.0 = Debug|Any CPU
		{66E8B638-9451-4CFB-BE88-9AB821146CFC}.Ad-Hoc|iPhone.ActiveCfg = Debug|Any CPU
		{66E8B638-9451-4CFB-BE88-9AB821146CFC}.Ad-Hoc|iPhone.Build.0 = Debug|Any CPU
		{66E8B638-9451-4CFB-BE88-9AB821146CFC}.Ad-Hoc|iPhoneSimulator.ActiveCfg = Debug|Any CPU
		{66E8B638-9451-4CFB-BE88-9AB821146CFC}.Ad-Hoc|iPhoneSimulator.Build.0 = Debug|Any CPU
		{66E8B638-9451-4CFB-BE88-9AB821146CFC}.Ad-Hoc|x64.ActiveCfg = Debug|Any CPU
		{66E8B638-9451-4CFB-BE88-9AB821146CFC}.Ad-Hoc|x64.Build.0 = Debug|Any CPU
		{66E8B638-9451-4CFB-BE88-9AB821146CFC}.Ad-Hoc|x86.ActiveCfg = Debug|Any CPU
		{66E8B638-9451-4CFB-BE88-9AB821146CFC}.Ad-Hoc|x86.Build.0 = Debug|Any CPU
		{66E8B638-9451-4CFB-BE88-9AB821146CFC}.AppStore|Any CPU.ActiveCfg = Debug|Any CPU
		{66E8B638-9451-4CFB-BE88-9AB821146CFC}.AppStore|Any CPU.Build.0 = Debug|Any CPU
		{66E8B638-9451-4CFB-BE88-9AB821146CFC}.AppStore|ARM.ActiveCfg = Debug|Any CPU
		{66E8B638-9451-4CFB-BE88-9AB821146CFC}.AppStore|ARM.Build.0 = Debug|Any CPU
		{66E8B638-9451-4CFB-BE88-9AB821146CFC}.AppStore|iPhone.ActiveCfg = Debug|Any CPU
		{66E8B638-9451-4CFB-BE88-9AB821146CFC}.AppStore|iPhone.Build.0 = Debug|Any CPU
		{66E8B638-9451-4CFB-BE88-9AB821146CFC}.AppStore|iPhoneSimulator.ActiveCfg = Debug|Any CPU
		{66E8B638-9451-4CFB-BE88-9AB821146CFC}.AppStore|iPhoneSimulator.Build.0 = Debug|Any CPU
		{66E8B638-9451-4CFB-BE88-9AB821146CFC}.AppStore|x64.ActiveCfg = Debug|Any CPU
		{66E8B638-9451-4CFB-BE88-9AB821146CFC}.AppStore|x64.Build.0 = Debug|Any CPU
		{66E8B638-9451-4CFB-BE88-9AB821146CFC}.AppStore|x86.ActiveCfg = Debug|Any CPU
		{66E8B638-9451-4CFB-BE88-9AB821146CFC}.AppStore|x86.Build.0 = Debug|Any CPU
		{66E8B638-9451-4CFB-BE88-9AB821146CFC}.Debug|Any CPU.ActiveCfg = Debug|Any CPU
		{66E8B638-9451-4CFB-BE88-9AB821146CFC}.Debug|Any CPU.Build.0 = Debug|Any CPU
		{66E8B638-9451-4CFB-BE88-9AB821146CFC}.Debug|ARM.ActiveCfg = Debug|Any CPU
		{66E8B638-9451-4CFB-BE88-9AB821146CFC}.Debug|ARM.Build.0 = Debug|Any CPU
		{66E8B638-9451-4CFB-BE88-9AB821146CFC}.Debug|iPhone.ActiveCfg = Debug|Any CPU
		{66E8B638-9451-4CFB-BE88-9AB821146CFC}.Debug|iPhone.Build.0 = Debug|Any CPU
		{66E8B638-9451-4CFB-BE88-9AB821146CFC}.Debug|iPhoneSimulator.ActiveCfg = Debug|Any CPU
		{66E8B638-9451-4CFB-BE88-9AB821146CFC}.Debug|iPhoneSimulator.Build.0 = Debug|Any CPU
		{66E8B638-9451-4CFB-BE88-9AB821146CFC}.Debug|x64.ActiveCfg = Debug|Any CPU
		{66E8B638-9451-4CFB-BE88-9AB821146CFC}.Debug|x64.Build.0 = Debug|Any CPU
		{66E8B638-9451-4CFB-BE88-9AB821146CFC}.Debug|x86.ActiveCfg = Debug|Any CPU
		{66E8B638-9451-4CFB-BE88-9AB821146CFC}.Debug|x86.Build.0 = Debug|Any CPU
		{66E8B638-9451-4CFB-BE88-9AB821146CFC}.Release|Any CPU.ActiveCfg = Release|Any CPU
		{66E8B638-9451-4CFB-BE88-9AB821146CFC}.Release|Any CPU.Build.0 = Release|Any CPU
		{66E8B638-9451-4CFB-BE88-9AB821146CFC}.Release|ARM.ActiveCfg = Release|Any CPU
		{66E8B638-9451-4CFB-BE88-9AB821146CFC}.Release|ARM.Build.0 = Release|Any CPU
		{66E8B638-9451-4CFB-BE88-9AB821146CFC}.Release|iPhone.ActiveCfg = Release|Any CPU
		{66E8B638-9451-4CFB-BE88-9AB821146CFC}.Release|iPhone.Build.0 = Release|Any CPU
		{66E8B638-9451-4CFB-BE88-9AB821146CFC}.Release|iPhoneSimulator.ActiveCfg = Release|Any CPU
		{66E8B638-9451-4CFB-BE88-9AB821146CFC}.Release|iPhoneSimulator.Build.0 = Release|Any CPU
		{66E8B638-9451-4CFB-BE88-9AB821146CFC}.Release|x64.ActiveCfg = Release|Any CPU
		{66E8B638-9451-4CFB-BE88-9AB821146CFC}.Release|x64.Build.0 = Release|Any CPU
		{66E8B638-9451-4CFB-BE88-9AB821146CFC}.Release|x86.ActiveCfg = Release|Any CPU
		{66E8B638-9451-4CFB-BE88-9AB821146CFC}.Release|x86.Build.0 = Release|Any CPU
		{E72EB710-678A-4F49-AB47-EE1ACC5E3C7B}.Ad-Hoc|Any CPU.ActiveCfg = Ad-Hoc|iPhone
		{E72EB710-678A-4F49-AB47-EE1ACC5E3C7B}.Ad-Hoc|ARM.ActiveCfg = Ad-Hoc|iPhone
		{E72EB710-678A-4F49-AB47-EE1ACC5E3C7B}.Ad-Hoc|iPhone.ActiveCfg = Ad-Hoc|iPhone
		{E72EB710-678A-4F49-AB47-EE1ACC5E3C7B}.Ad-Hoc|iPhone.Build.0 = Ad-Hoc|iPhone
		{E72EB710-678A-4F49-AB47-EE1ACC5E3C7B}.Ad-Hoc|iPhoneSimulator.ActiveCfg = Ad-Hoc|iPhoneSimulator
		{E72EB710-678A-4F49-AB47-EE1ACC5E3C7B}.Ad-Hoc|iPhoneSimulator.Build.0 = Ad-Hoc|iPhoneSimulator
		{E72EB710-678A-4F49-AB47-EE1ACC5E3C7B}.Ad-Hoc|x64.ActiveCfg = Ad-Hoc|iPhone
		{E72EB710-678A-4F49-AB47-EE1ACC5E3C7B}.Ad-Hoc|x86.ActiveCfg = Ad-Hoc|iPhone
		{E72EB710-678A-4F49-AB47-EE1ACC5E3C7B}.AppStore|Any CPU.ActiveCfg = AppStore|iPhone
		{E72EB710-678A-4F49-AB47-EE1ACC5E3C7B}.AppStore|ARM.ActiveCfg = AppStore|iPhone
		{E72EB710-678A-4F49-AB47-EE1ACC5E3C7B}.AppStore|iPhone.ActiveCfg = AppStore|iPhone
		{E72EB710-678A-4F49-AB47-EE1ACC5E3C7B}.AppStore|iPhone.Build.0 = AppStore|iPhone
		{E72EB710-678A-4F49-AB47-EE1ACC5E3C7B}.AppStore|iPhoneSimulator.ActiveCfg = AppStore|iPhoneSimulator
		{E72EB710-678A-4F49-AB47-EE1ACC5E3C7B}.AppStore|iPhoneSimulator.Build.0 = AppStore|iPhoneSimulator
		{E72EB710-678A-4F49-AB47-EE1ACC5E3C7B}.AppStore|x64.ActiveCfg = AppStore|iPhone
		{E72EB710-678A-4F49-AB47-EE1ACC5E3C7B}.AppStore|x86.ActiveCfg = AppStore|iPhone
		{E72EB710-678A-4F49-AB47-EE1ACC5E3C7B}.Debug|Any CPU.ActiveCfg = Debug|iPhone
		{E72EB710-678A-4F49-AB47-EE1ACC5E3C7B}.Debug|ARM.ActiveCfg = Debug|iPhone
		{E72EB710-678A-4F49-AB47-EE1ACC5E3C7B}.Debug|iPhone.ActiveCfg = Debug|iPhone
		{E72EB710-678A-4F49-AB47-EE1ACC5E3C7B}.Debug|iPhone.Build.0 = Debug|iPhone
		{E72EB710-678A-4F49-AB47-EE1ACC5E3C7B}.Debug|iPhoneSimulator.ActiveCfg = Debug|iPhoneSimulator
		{E72EB710-678A-4F49-AB47-EE1ACC5E3C7B}.Debug|iPhoneSimulator.Build.0 = Debug|iPhoneSimulator
		{E72EB710-678A-4F49-AB47-EE1ACC5E3C7B}.Debug|x64.ActiveCfg = Debug|iPhone
		{E72EB710-678A-4F49-AB47-EE1ACC5E3C7B}.Debug|x86.ActiveCfg = Debug|iPhone
		{E72EB710-678A-4F49-AB47-EE1ACC5E3C7B}.Release|Any CPU.ActiveCfg = Release|iPhone
		{E72EB710-678A-4F49-AB47-EE1ACC5E3C7B}.Release|ARM.ActiveCfg = Release|iPhone
		{E72EB710-678A-4F49-AB47-EE1ACC5E3C7B}.Release|iPhone.ActiveCfg = Release|iPhone
		{E72EB710-678A-4F49-AB47-EE1ACC5E3C7B}.Release|iPhone.Build.0 = Release|iPhone
		{E72EB710-678A-4F49-AB47-EE1ACC5E3C7B}.Release|iPhoneSimulator.ActiveCfg = Release|iPhoneSimulator
		{E72EB710-678A-4F49-AB47-EE1ACC5E3C7B}.Release|iPhoneSimulator.Build.0 = Release|iPhoneSimulator
		{E72EB710-678A-4F49-AB47-EE1ACC5E3C7B}.Release|x64.ActiveCfg = Release|iPhone
		{E72EB710-678A-4F49-AB47-EE1ACC5E3C7B}.Release|x86.ActiveCfg = Release|iPhone
		{99AEA68E-8B2A-4760-9FEC-2111FE98175E}.Ad-Hoc|Any CPU.ActiveCfg = Release|Any CPU
		{99AEA68E-8B2A-4760-9FEC-2111FE98175E}.Ad-Hoc|Any CPU.Build.0 = Release|Any CPU
		{99AEA68E-8B2A-4760-9FEC-2111FE98175E}.Ad-Hoc|Any CPU.Deploy.0 = Release|Any CPU
		{99AEA68E-8B2A-4760-9FEC-2111FE98175E}.Ad-Hoc|ARM.ActiveCfg = Release|Any CPU
		{99AEA68E-8B2A-4760-9FEC-2111FE98175E}.Ad-Hoc|ARM.Build.0 = Release|Any CPU
		{99AEA68E-8B2A-4760-9FEC-2111FE98175E}.Ad-Hoc|ARM.Deploy.0 = Release|Any CPU
		{99AEA68E-8B2A-4760-9FEC-2111FE98175E}.Ad-Hoc|iPhone.ActiveCfg = Release|Any CPU
		{99AEA68E-8B2A-4760-9FEC-2111FE98175E}.Ad-Hoc|iPhone.Build.0 = Release|Any CPU
		{99AEA68E-8B2A-4760-9FEC-2111FE98175E}.Ad-Hoc|iPhone.Deploy.0 = Release|Any CPU
		{99AEA68E-8B2A-4760-9FEC-2111FE98175E}.Ad-Hoc|iPhoneSimulator.ActiveCfg = Release|Any CPU
		{99AEA68E-8B2A-4760-9FEC-2111FE98175E}.Ad-Hoc|iPhoneSimulator.Build.0 = Release|Any CPU
		{99AEA68E-8B2A-4760-9FEC-2111FE98175E}.Ad-Hoc|iPhoneSimulator.Deploy.0 = Release|Any CPU
		{99AEA68E-8B2A-4760-9FEC-2111FE98175E}.Ad-Hoc|x64.ActiveCfg = Release|Any CPU
		{99AEA68E-8B2A-4760-9FEC-2111FE98175E}.Ad-Hoc|x64.Build.0 = Release|Any CPU
		{99AEA68E-8B2A-4760-9FEC-2111FE98175E}.Ad-Hoc|x64.Deploy.0 = Release|Any CPU
		{99AEA68E-8B2A-4760-9FEC-2111FE98175E}.Ad-Hoc|x86.ActiveCfg = Release|Any CPU
		{99AEA68E-8B2A-4760-9FEC-2111FE98175E}.Ad-Hoc|x86.Build.0 = Release|Any CPU
		{99AEA68E-8B2A-4760-9FEC-2111FE98175E}.Ad-Hoc|x86.Deploy.0 = Release|Any CPU
		{99AEA68E-8B2A-4760-9FEC-2111FE98175E}.AppStore|Any CPU.ActiveCfg = Release|Any CPU
		{99AEA68E-8B2A-4760-9FEC-2111FE98175E}.AppStore|Any CPU.Build.0 = Release|Any CPU
		{99AEA68E-8B2A-4760-9FEC-2111FE98175E}.AppStore|Any CPU.Deploy.0 = Release|Any CPU
		{99AEA68E-8B2A-4760-9FEC-2111FE98175E}.AppStore|ARM.ActiveCfg = Release|Any CPU
		{99AEA68E-8B2A-4760-9FEC-2111FE98175E}.AppStore|ARM.Build.0 = Release|Any CPU
		{99AEA68E-8B2A-4760-9FEC-2111FE98175E}.AppStore|ARM.Deploy.0 = Release|Any CPU
		{99AEA68E-8B2A-4760-9FEC-2111FE98175E}.AppStore|iPhone.ActiveCfg = Release|Any CPU
		{99AEA68E-8B2A-4760-9FEC-2111FE98175E}.AppStore|iPhone.Build.0 = Release|Any CPU
		{99AEA68E-8B2A-4760-9FEC-2111FE98175E}.AppStore|iPhone.Deploy.0 = Release|Any CPU
		{99AEA68E-8B2A-4760-9FEC-2111FE98175E}.AppStore|iPhoneSimulator.ActiveCfg = Release|Any CPU
		{99AEA68E-8B2A-4760-9FEC-2111FE98175E}.AppStore|iPhoneSimulator.Build.0 = Release|Any CPU
		{99AEA68E-8B2A-4760-9FEC-2111FE98175E}.AppStore|iPhoneSimulator.Deploy.0 = Release|Any CPU
		{99AEA68E-8B2A-4760-9FEC-2111FE98175E}.AppStore|x64.ActiveCfg = Release|Any CPU
		{99AEA68E-8B2A-4760-9FEC-2111FE98175E}.AppStore|x64.Build.0 = Release|Any CPU
		{99AEA68E-8B2A-4760-9FEC-2111FE98175E}.AppStore|x64.Deploy.0 = Release|Any CPU
		{99AEA68E-8B2A-4760-9FEC-2111FE98175E}.AppStore|x86.ActiveCfg = Release|Any CPU
		{99AEA68E-8B2A-4760-9FEC-2111FE98175E}.AppStore|x86.Build.0 = Release|Any CPU
		{99AEA68E-8B2A-4760-9FEC-2111FE98175E}.AppStore|x86.Deploy.0 = Release|Any CPU
		{99AEA68E-8B2A-4760-9FEC-2111FE98175E}.Debug|Any CPU.ActiveCfg = Debug|Any CPU
		{99AEA68E-8B2A-4760-9FEC-2111FE98175E}.Debug|Any CPU.Build.0 = Debug|Any CPU
		{99AEA68E-8B2A-4760-9FEC-2111FE98175E}.Debug|Any CPU.Deploy.0 = Debug|Any CPU
		{99AEA68E-8B2A-4760-9FEC-2111FE98175E}.Debug|ARM.ActiveCfg = Debug|Any CPU
		{99AEA68E-8B2A-4760-9FEC-2111FE98175E}.Debug|ARM.Build.0 = Debug|Any CPU
		{99AEA68E-8B2A-4760-9FEC-2111FE98175E}.Debug|ARM.Deploy.0 = Debug|Any CPU
		{99AEA68E-8B2A-4760-9FEC-2111FE98175E}.Debug|iPhone.ActiveCfg = Debug|Any CPU
		{99AEA68E-8B2A-4760-9FEC-2111FE98175E}.Debug|iPhone.Build.0 = Debug|Any CPU
		{99AEA68E-8B2A-4760-9FEC-2111FE98175E}.Debug|iPhone.Deploy.0 = Debug|Any CPU
		{99AEA68E-8B2A-4760-9FEC-2111FE98175E}.Debug|iPhoneSimulator.ActiveCfg = Debug|Any CPU
		{99AEA68E-8B2A-4760-9FEC-2111FE98175E}.Debug|iPhoneSimulator.Build.0 = Debug|Any CPU
		{99AEA68E-8B2A-4760-9FEC-2111FE98175E}.Debug|iPhoneSimulator.Deploy.0 = Debug|Any CPU
		{99AEA68E-8B2A-4760-9FEC-2111FE98175E}.Debug|x64.ActiveCfg = Debug|Any CPU
		{99AEA68E-8B2A-4760-9FEC-2111FE98175E}.Debug|x64.Build.0 = Debug|Any CPU
		{99AEA68E-8B2A-4760-9FEC-2111FE98175E}.Debug|x64.Deploy.0 = Debug|Any CPU
		{99AEA68E-8B2A-4760-9FEC-2111FE98175E}.Debug|x86.ActiveCfg = Debug|Any CPU
		{99AEA68E-8B2A-4760-9FEC-2111FE98175E}.Debug|x86.Build.0 = Debug|Any CPU
		{99AEA68E-8B2A-4760-9FEC-2111FE98175E}.Debug|x86.Deploy.0 = Debug|Any CPU
		{99AEA68E-8B2A-4760-9FEC-2111FE98175E}.Release|Any CPU.ActiveCfg = Release|Any CPU
		{99AEA68E-8B2A-4760-9FEC-2111FE98175E}.Release|Any CPU.Build.0 = Release|Any CPU
		{99AEA68E-8B2A-4760-9FEC-2111FE98175E}.Release|Any CPU.Deploy.0 = Release|Any CPU
		{99AEA68E-8B2A-4760-9FEC-2111FE98175E}.Release|ARM.ActiveCfg = Release|Any CPU
		{99AEA68E-8B2A-4760-9FEC-2111FE98175E}.Release|ARM.Build.0 = Release|Any CPU
		{99AEA68E-8B2A-4760-9FEC-2111FE98175E}.Release|ARM.Deploy.0 = Release|Any CPU
		{99AEA68E-8B2A-4760-9FEC-2111FE98175E}.Release|iPhone.ActiveCfg = Release|Any CPU
		{99AEA68E-8B2A-4760-9FEC-2111FE98175E}.Release|iPhone.Build.0 = Release|Any CPU
		{99AEA68E-8B2A-4760-9FEC-2111FE98175E}.Release|iPhone.Deploy.0 = Release|Any CPU
		{99AEA68E-8B2A-4760-9FEC-2111FE98175E}.Release|iPhoneSimulator.ActiveCfg = Release|Any CPU
		{99AEA68E-8B2A-4760-9FEC-2111FE98175E}.Release|iPhoneSimulator.Build.0 = Release|Any CPU
		{99AEA68E-8B2A-4760-9FEC-2111FE98175E}.Release|iPhoneSimulator.Deploy.0 = Release|Any CPU
		{99AEA68E-8B2A-4760-9FEC-2111FE98175E}.Release|x64.ActiveCfg = Release|Any CPU
		{99AEA68E-8B2A-4760-9FEC-2111FE98175E}.Release|x64.Build.0 = Release|Any CPU
		{99AEA68E-8B2A-4760-9FEC-2111FE98175E}.Release|x64.Deploy.0 = Release|Any CPU
		{99AEA68E-8B2A-4760-9FEC-2111FE98175E}.Release|x86.ActiveCfg = Release|Any CPU
		{99AEA68E-8B2A-4760-9FEC-2111FE98175E}.Release|x86.Build.0 = Release|Any CPU
		{99AEA68E-8B2A-4760-9FEC-2111FE98175E}.Release|x86.Deploy.0 = Release|Any CPU
		{3F156757-C963-4A17-B045-B9164186BE85}.Ad-Hoc|Any CPU.ActiveCfg = Release|Any CPU
		{3F156757-C963-4A17-B045-B9164186BE85}.Ad-Hoc|Any CPU.Build.0 = Release|Any CPU
		{3F156757-C963-4A17-B045-B9164186BE85}.Ad-Hoc|ARM.ActiveCfg = Release|Any CPU
		{3F156757-C963-4A17-B045-B9164186BE85}.Ad-Hoc|ARM.Build.0 = Release|Any CPU
		{3F156757-C963-4A17-B045-B9164186BE85}.Ad-Hoc|iPhone.ActiveCfg = Release|Any CPU
		{3F156757-C963-4A17-B045-B9164186BE85}.Ad-Hoc|iPhone.Build.0 = Release|Any CPU
		{3F156757-C963-4A17-B045-B9164186BE85}.Ad-Hoc|iPhoneSimulator.ActiveCfg = Release|Any CPU
		{3F156757-C963-4A17-B045-B9164186BE85}.Ad-Hoc|iPhoneSimulator.Build.0 = Release|Any CPU
		{3F156757-C963-4A17-B045-B9164186BE85}.Ad-Hoc|x64.ActiveCfg = Release|Any CPU
		{3F156757-C963-4A17-B045-B9164186BE85}.Ad-Hoc|x64.Build.0 = Release|Any CPU
		{3F156757-C963-4A17-B045-B9164186BE85}.Ad-Hoc|x86.ActiveCfg = Release|Any CPU
		{3F156757-C963-4A17-B045-B9164186BE85}.Ad-Hoc|x86.Build.0 = Release|Any CPU
		{3F156757-C963-4A17-B045-B9164186BE85}.AppStore|Any CPU.ActiveCfg = Release|Any CPU
		{3F156757-C963-4A17-B045-B9164186BE85}.AppStore|Any CPU.Build.0 = Release|Any CPU
		{3F156757-C963-4A17-B045-B9164186BE85}.AppStore|ARM.ActiveCfg = Release|Any CPU
		{3F156757-C963-4A17-B045-B9164186BE85}.AppStore|ARM.Build.0 = Release|Any CPU
		{3F156757-C963-4A17-B045-B9164186BE85}.AppStore|iPhone.ActiveCfg = Release|Any CPU
		{3F156757-C963-4A17-B045-B9164186BE85}.AppStore|iPhone.Build.0 = Release|Any CPU
		{3F156757-C963-4A17-B045-B9164186BE85}.AppStore|iPhoneSimulator.ActiveCfg = Release|Any CPU
		{3F156757-C963-4A17-B045-B9164186BE85}.AppStore|iPhoneSimulator.Build.0 = Release|Any CPU
		{3F156757-C963-4A17-B045-B9164186BE85}.AppStore|x64.ActiveCfg = Release|Any CPU
		{3F156757-C963-4A17-B045-B9164186BE85}.AppStore|x64.Build.0 = Release|Any CPU
		{3F156757-C963-4A17-B045-B9164186BE85}.AppStore|x86.ActiveCfg = Release|Any CPU
		{3F156757-C963-4A17-B045-B9164186BE85}.AppStore|x86.Build.0 = Release|Any CPU
		{3F156757-C963-4A17-B045-B9164186BE85}.Debug|Any CPU.ActiveCfg = Debug|Any CPU
		{3F156757-C963-4A17-B045-B9164186BE85}.Debug|Any CPU.Build.0 = Debug|Any CPU
		{3F156757-C963-4A17-B045-B9164186BE85}.Debug|ARM.ActiveCfg = Debug|Any CPU
		{3F156757-C963-4A17-B045-B9164186BE85}.Debug|ARM.Build.0 = Debug|Any CPU
		{3F156757-C963-4A17-B045-B9164186BE85}.Debug|iPhone.ActiveCfg = Debug|Any CPU
		{3F156757-C963-4A17-B045-B9164186BE85}.Debug|iPhone.Build.0 = Debug|Any CPU
		{3F156757-C963-4A17-B045-B9164186BE85}.Debug|iPhoneSimulator.ActiveCfg = Debug|Any CPU
		{3F156757-C963-4A17-B045-B9164186BE85}.Debug|iPhoneSimulator.Build.0 = Debug|Any CPU
		{3F156757-C963-4A17-B045-B9164186BE85}.Debug|x64.ActiveCfg = Debug|Any CPU
		{3F156757-C963-4A17-B045-B9164186BE85}.Debug|x64.Build.0 = Debug|Any CPU
		{3F156757-C963-4A17-B045-B9164186BE85}.Debug|x86.ActiveCfg = Debug|Any CPU
		{3F156757-C963-4A17-B045-B9164186BE85}.Debug|x86.Build.0 = Debug|Any CPU
		{3F156757-C963-4A17-B045-B9164186BE85}.Release|Any CPU.ActiveCfg = Release|Any CPU
		{3F156757-C963-4A17-B045-B9164186BE85}.Release|Any CPU.Build.0 = Release|Any CPU
		{3F156757-C963-4A17-B045-B9164186BE85}.Release|ARM.ActiveCfg = Release|Any CPU
		{3F156757-C963-4A17-B045-B9164186BE85}.Release|ARM.Build.0 = Release|Any CPU
		{3F156757-C963-4A17-B045-B9164186BE85}.Release|iPhone.ActiveCfg = Release|Any CPU
		{3F156757-C963-4A17-B045-B9164186BE85}.Release|iPhone.Build.0 = Release|Any CPU
		{3F156757-C963-4A17-B045-B9164186BE85}.Release|iPhoneSimulator.ActiveCfg = Release|Any CPU
		{3F156757-C963-4A17-B045-B9164186BE85}.Release|iPhoneSimulator.Build.0 = Release|Any CPU
		{3F156757-C963-4A17-B045-B9164186BE85}.Release|x64.ActiveCfg = Release|Any CPU
		{3F156757-C963-4A17-B045-B9164186BE85}.Release|x64.Build.0 = Release|Any CPU
		{3F156757-C963-4A17-B045-B9164186BE85}.Release|x86.ActiveCfg = Release|Any CPU
		{3F156757-C963-4A17-B045-B9164186BE85}.Release|x86.Build.0 = Release|Any CPU
	EndGlobalSection
	GlobalSection(SolutionProperties) = preSolution
		HideSolutionNode = FALSE
	EndGlobalSection
	GlobalSection(ExtensibilityGlobals) = postSolution
		SolutionGuid = {F6D05029-56B8-4E45-AF2D-0E76295DDBA2}
	EndGlobalSection
EndGlobal
