
Microsoft Visual Studio Solution File, Format Version 12.00
# Visual Studio 15
VisualStudioVersion = 15.0.27428.2043
MinimumVisualStudioVersion = 10.0.40219.1
Project("{FAE04EC0-301F-11D3-BF4B-00C04F79EFBC}") = "AtosParkAPI", "AtosParkAPI\AtosParkAPI.csproj", "{3F156757-C963-4A17-B045-B9164186BE85}"
EndProject
Project("{FAE04EC0-301F-11D3-BF4B-00C04F79EFBC}") = "AtosPark.Android", "AtosPark\AtosPark.Android\AtosPark.Android.csproj", "{99AEA68E-8B2A-4760-9FEC-2111FE98175E}"
EndProject
Project("{FAE04EC0-301F-11D3-BF4B-00C04F79EFBC}") = "AtosPark.iOS", "AtosPark\AtosPark.iOS\AtosPark.iOS.csproj", "{E72EB710-678A-4F49-AB47-EE1ACC5E3C7B}"
EndProject
Project("{9A19103F-16F7-4668-BE54-9A1E7A4F7556}") = "AtosPark", "AtosPark\AtosPark\AtosPark.csproj", "{7811BEC5-86AC-49C8-BB20-1A688868FBDA}"
EndProject
Project("{FAE04EC0-301F-11D3-BF4B-00C04F79EFBC}") = "AtosParkCL", "AtosParkCL\AtosParkCL.csproj", "{6C30B2A1-65D4-49C8-8CB7-1BFAB9006831}"
EndProject
Global
	GlobalSection(SolutionConfigurationPlatforms) = preSolution
		Ad-Hoc|Any CPU = Ad-Hoc|Any CPU
		Ad-Hoc|iPhone = Ad-Hoc|iPhone
		Ad-Hoc|iPhoneSimulator = Ad-Hoc|iPhoneSimulator
		AppStore|Any CPU = AppStore|Any CPU
		AppStore|iPhone = AppStore|iPhone
		AppStore|iPhoneSimulator = AppStore|iPhoneSimulator
		Debug|Any CPU = Debug|Any CPU
		Debug|iPhone = Debug|iPhone
		Debug|iPhoneSimulator = Debug|iPhoneSimulator
		Release|Any CPU = Release|Any CPU
		Release|iPhone = Release|iPhone
		Release|iPhoneSimulator = Release|iPhoneSimulator
	EndGlobalSection
	GlobalSection(ProjectConfigurationPlatforms) = postSolution
		{3F156757-C963-4A17-B045-B9164186BE85}.Ad-Hoc|Any CPU.ActiveCfg = Release|Any CPU
		{3F156757-C963-4A17-B045-B9164186BE85}.Ad-Hoc|Any CPU.Build.0 = Release|Any CPU
		{3F156757-C963-4A17-B045-B9164186BE85}.Ad-Hoc|iPhone.ActiveCfg = Release|Any CPU
		{3F156757-C963-4A17-B045-B9164186BE85}.Ad-Hoc|iPhone.Build.0 = Release|Any CPU
		{3F156757-C963-4A17-B045-B9164186BE85}.Ad-Hoc|iPhoneSimulator.ActiveCfg = Release|Any CPU
		{3F156757-C963-4A17-B045-B9164186BE85}.Ad-Hoc|iPhoneSimulator.Build.0 = Release|Any CPU
		{3F156757-C963-4A17-B045-B9164186BE85}.AppStore|Any CPU.ActiveCfg = Release|Any CPU
		{3F156757-C963-4A17-B045-B9164186BE85}.AppStore|Any CPU.Build.0 = Release|Any CPU
		{3F156757-C963-4A17-B045-B9164186BE85}.AppStore|iPhone.ActiveCfg = Release|Any CPU
		{3F156757-C963-4A17-B045-B9164186BE85}.AppStore|iPhone.Build.0 = Release|Any CPU
		{3F156757-C963-4A17-B045-B9164186BE85}.AppStore|iPhoneSimulator.ActiveCfg = Release|Any CPU
		{3F156757-C963-4A17-B045-B9164186BE85}.AppStore|iPhoneSimulator.Build.0 = Release|Any CPU
		{3F156757-C963-4A17-B045-B9164186BE85}.Debug|Any CPU.ActiveCfg = Debug|Any CPU
		{3F156757-C963-4A17-B045-B9164186BE85}.Debug|Any CPU.Build.0 = Debug|Any CPU
		{3F156757-C963-4A17-B045-B9164186BE85}.Debug|iPhone.ActiveCfg = Debug|Any CPU
		{3F156757-C963-4A17-B045-B9164186BE85}.Debug|iPhone.Build.0 = Debug|Any CPU
		{3F156757-C963-4A17-B045-B9164186BE85}.Debug|iPhoneSimulator.ActiveCfg = Debug|Any CPU
		{3F156757-C963-4A17-B045-B9164186BE85}.Debug|iPhoneSimulator.Build.0 = Debug|Any CPU
		{3F156757-C963-4A17-B045-B9164186BE85}.Release|Any CPU.ActiveCfg = Release|Any CPU
		{3F156757-C963-4A17-B045-B9164186BE85}.Release|Any CPU.Build.0 = Release|Any CPU
		{3F156757-C963-4A17-B045-B9164186BE85}.Release|iPhone.ActiveCfg = Release|Any CPU
		{3F156757-C963-4A17-B045-B9164186BE85}.Release|iPhone.Build.0 = Release|Any CPU
		{3F156757-C963-4A17-B045-B9164186BE85}.Release|iPhoneSimulator.ActiveCfg = Release|Any CPU
		{3F156757-C963-4A17-B045-B9164186BE85}.Release|iPhoneSimulator.Build.0 = Release|Any CPU
		{99AEA68E-8B2A-4760-9FEC-2111FE98175E}.Ad-Hoc|Any CPU.ActiveCfg = Release|Any CPU
		{99AEA68E-8B2A-4760-9FEC-2111FE98175E}.Ad-Hoc|Any CPU.Build.0 = Release|Any CPU
		{99AEA68E-8B2A-4760-9FEC-2111FE98175E}.Ad-Hoc|Any CPU.Deploy.0 = Release|Any CPU
		{99AEA68E-8B2A-4760-9FEC-2111FE98175E}.Ad-Hoc|iPhone.ActiveCfg = Release|Any CPU
		{99AEA68E-8B2A-4760-9FEC-2111FE98175E}.Ad-Hoc|iPhone.Build.0 = Release|Any CPU
		{99AEA68E-8B2A-4760-9FEC-2111FE98175E}.Ad-Hoc|iPhone.Deploy.0 = Release|Any CPU
		{99AEA68E-8B2A-4760-9FEC-2111FE98175E}.Ad-Hoc|iPhoneSimulator.ActiveCfg = Release|Any CPU
		{99AEA68E-8B2A-4760-9FEC-2111FE98175E}.Ad-Hoc|iPhoneSimulator.Build.0 = Release|Any CPU
		{99AEA68E-8B2A-4760-9FEC-2111FE98175E}.Ad-Hoc|iPhoneSimulator.Deploy.0 = Release|Any CPU
		{99AEA68E-8B2A-4760-9FEC-2111FE98175E}.AppStore|Any CPU.ActiveCfg = Release|Any CPU
		{99AEA68E-8B2A-4760-9FEC-2111FE98175E}.AppStore|Any CPU.Build.0 = Release|Any CPU
		{99AEA68E-8B2A-4760-9FEC-2111FE98175E}.AppStore|Any CPU.Deploy.0 = Release|Any CPU
		{99AEA68E-8B2A-4760-9FEC-2111FE98175E}.AppStore|iPhone.ActiveCfg = Release|Any CPU
		{99AEA68E-8B2A-4760-9FEC-2111FE98175E}.AppStore|iPhone.Build.0 = Release|Any CPU
		{99AEA68E-8B2A-4760-9FEC-2111FE98175E}.AppStore|iPhone.Deploy.0 = Release|Any CPU
		{99AEA68E-8B2A-4760-9FEC-2111FE98175E}.AppStore|iPhoneSimulator.ActiveCfg = Release|Any CPU
		{99AEA68E-8B2A-4760-9FEC-2111FE98175E}.AppStore|iPhoneSimulator.Build.0 = Release|Any CPU
		{99AEA68E-8B2A-4760-9FEC-2111FE98175E}.AppStore|iPhoneSimulator.Deploy.0 = Release|Any CPU
		{99AEA68E-8B2A-4760-9FEC-2111FE98175E}.Debug|Any CPU.ActiveCfg = Debug|Any CPU
		{99AEA68E-8B2A-4760-9FEC-2111FE98175E}.Debug|Any CPU.Build.0 = Debug|Any CPU
		{99AEA68E-8B2A-4760-9FEC-2111FE98175E}.Debug|Any CPU.Deploy.0 = Debug|Any CPU
		{99AEA68E-8B2A-4760-9FEC-2111FE98175E}.Debug|iPhone.ActiveCfg = Debug|Any CPU
		{99AEA68E-8B2A-4760-9FEC-2111FE98175E}.Debug|iPhone.Build.0 = Debug|Any CPU
		{99AEA68E-8B2A-4760-9FEC-2111FE98175E}.Debug|iPhone.Deploy.0 = Debug|Any CPU
		{99AEA68E-8B2A-4760-9FEC-2111FE98175E}.Debug|iPhoneSimulator.ActiveCfg = Debug|Any CPU
		{99AEA68E-8B2A-4760-9FEC-2111FE98175E}.Debug|iPhoneSimulator.Build.0 = Debug|Any CPU
		{99AEA68E-8B2A-4760-9FEC-2111FE98175E}.Debug|iPhoneSimulator.Deploy.0 = Debug|Any CPU
		{99AEA68E-8B2A-4760-9FEC-2111FE98175E}.Release|Any CPU.ActiveCfg = Release|Any CPU
		{99AEA68E-8B2A-4760-9FEC-2111FE98175E}.Release|Any CPU.Build.0 = Release|Any CPU
		{99AEA68E-8B2A-4760-9FEC-2111FE98175E}.Release|Any CPU.Deploy.0 = Release|Any CPU
		{99AEA68E-8B2A-4760-9FEC-2111FE98175E}.Release|iPhone.ActiveCfg = Release|Any CPU
		{99AEA68E-8B2A-4760-9FEC-2111FE98175E}.Release|iPhone.Build.0 = Release|Any CPU
		{99AEA68E-8B2A-4760-9FEC-2111FE98175E}.Release|iPhone.Deploy.0 = Release|Any CPU
		{99AEA68E-8B2A-4760-9FEC-2111FE98175E}.Release|iPhoneSimulator.ActiveCfg = Release|Any CPU
		{99AEA68E-8B2A-4760-9FEC-2111FE98175E}.Release|iPhoneSimulator.Build.0 = Release|Any CPU
		{99AEA68E-8B2A-4760-9FEC-2111FE98175E}.Release|iPhoneSimulator.Deploy.0 = Release|Any CPU
		{E72EB710-678A-4F49-AB47-EE1ACC5E3C7B}.Ad-Hoc|Any CPU.ActiveCfg = Ad-Hoc|iPhone
		{E72EB710-678A-4F49-AB47-EE1ACC5E3C7B}.Ad-Hoc|iPhone.ActiveCfg = Ad-Hoc|iPhone
		{E72EB710-678A-4F49-AB47-EE1ACC5E3C7B}.Ad-Hoc|iPhone.Build.0 = Ad-Hoc|iPhone
		{E72EB710-678A-4F49-AB47-EE1ACC5E3C7B}.Ad-Hoc|iPhoneSimulator.ActiveCfg = Ad-Hoc|iPhoneSimulator
		{E72EB710-678A-4F49-AB47-EE1ACC5E3C7B}.Ad-Hoc|iPhoneSimulator.Build.0 = Ad-Hoc|iPhoneSimulator
		{E72EB710-678A-4F49-AB47-EE1ACC5E3C7B}.AppStore|Any CPU.ActiveCfg = AppStore|iPhone
		{E72EB710-678A-4F49-AB47-EE1ACC5E3C7B}.AppStore|iPhone.ActiveCfg = AppStore|iPhone
		{E72EB710-678A-4F49-AB47-EE1ACC5E3C7B}.AppStore|iPhone.Build.0 = AppStore|iPhone
		{E72EB710-678A-4F49-AB47-EE1ACC5E3C7B}.AppStore|iPhoneSimulator.ActiveCfg = AppStore|iPhoneSimulator
		{E72EB710-678A-4F49-AB47-EE1ACC5E3C7B}.AppStore|iPhoneSimulator.Build.0 = AppStore|iPhoneSimulator
		{E72EB710-678A-4F49-AB47-EE1ACC5E3C7B}.Debug|Any CPU.ActiveCfg = Debug|iPhone
		{E72EB710-678A-4F49-AB47-EE1ACC5E3C7B}.Debug|iPhone.ActiveCfg = Debug|iPhone
		{E72EB710-678A-4F49-AB47-EE1ACC5E3C7B}.Debug|iPhone.Build.0 = Debug|iPhone
		{E72EB710-678A-4F49-AB47-EE1ACC5E3C7B}.Debug|iPhoneSimulator.ActiveCfg = Debug|iPhoneSimulator
		{E72EB710-678A-4F49-AB47-EE1ACC5E3C7B}.Debug|iPhoneSimulator.Build.0 = Debug|iPhoneSimulator
		{E72EB710-678A-4F49-AB47-EE1ACC5E3C7B}.Release|Any CPU.ActiveCfg = Release|iPhone
		{E72EB710-678A-4F49-AB47-EE1ACC5E3C7B}.Release|iPhone.ActiveCfg = Release|iPhone
		{E72EB710-678A-4F49-AB47-EE1ACC5E3C7B}.Release|iPhone.Build.0 = Release|iPhone
		{E72EB710-678A-4F49-AB47-EE1ACC5E3C7B}.Release|iPhoneSimulator.ActiveCfg = Release|iPhoneSimulator
		{E72EB710-678A-4F49-AB47-EE1ACC5E3C7B}.Release|iPhoneSimulator.Build.0 = Release|iPhoneSimulator
		{7811BEC5-86AC-49C8-BB20-1A688868FBDA}.Ad-Hoc|Any CPU.ActiveCfg = Debug|Any CPU
		{7811BEC5-86AC-49C8-BB20-1A688868FBDA}.Ad-Hoc|Any CPU.Build.0 = Debug|Any CPU
		{7811BEC5-86AC-49C8-BB20-1A688868FBDA}.Ad-Hoc|iPhone.ActiveCfg = Debug|Any CPU
		{7811BEC5-86AC-49C8-BB20-1A688868FBDA}.Ad-Hoc|iPhone.Build.0 = Debug|Any CPU
		{7811BEC5-86AC-49C8-BB20-1A688868FBDA}.Ad-Hoc|iPhoneSimulator.ActiveCfg = Debug|Any CPU
		{7811BEC5-86AC-49C8-BB20-1A688868FBDA}.Ad-Hoc|iPhoneSimulator.Build.0 = Debug|Any CPU
		{7811BEC5-86AC-49C8-BB20-1A688868FBDA}.AppStore|Any CPU.ActiveCfg = Debug|Any CPU
		{7811BEC5-86AC-49C8-BB20-1A688868FBDA}.AppStore|Any CPU.Build.0 = Debug|Any CPU
		{7811BEC5-86AC-49C8-BB20-1A688868FBDA}.AppStore|iPhone.ActiveCfg = Debug|Any CPU
		{7811BEC5-86AC-49C8-BB20-1A688868FBDA}.AppStore|iPhone.Build.0 = Debug|Any CPU
		{7811BEC5-86AC-49C8-BB20-1A688868FBDA}.AppStore|iPhoneSimulator.ActiveCfg = Debug|Any CPU
		{7811BEC5-86AC-49C8-BB20-1A688868FBDA}.AppStore|iPhoneSimulator.Build.0 = Debug|Any CPU
		{7811BEC5-86AC-49C8-BB20-1A688868FBDA}.Debug|Any CPU.ActiveCfg = Debug|Any CPU
		{7811BEC5-86AC-49C8-BB20-1A688868FBDA}.Debug|Any CPU.Build.0 = Debug|Any CPU
		{7811BEC5-86AC-49C8-BB20-1A688868FBDA}.Debug|iPhone.ActiveCfg = Debug|Any CPU
		{7811BEC5-86AC-49C8-BB20-1A688868FBDA}.Debug|iPhone.Build.0 = Debug|Any CPU
		{7811BEC5-86AC-49C8-BB20-1A688868FBDA}.Debug|iPhoneSimulator.ActiveCfg = Debug|Any CPU
		{7811BEC5-86AC-49C8-BB20-1A688868FBDA}.Debug|iPhoneSimulator.Build.0 = Debug|Any CPU
		{7811BEC5-86AC-49C8-BB20-1A688868FBDA}.Release|Any CPU.ActiveCfg = Release|Any CPU
		{7811BEC5-86AC-49C8-BB20-1A688868FBDA}.Release|Any CPU.Build.0 = Release|Any CPU
		{7811BEC5-86AC-49C8-BB20-1A688868FBDA}.Release|iPhone.ActiveCfg = Release|Any CPU
		{7811BEC5-86AC-49C8-BB20-1A688868FBDA}.Release|iPhone.Build.0 = Release|Any CPU
		{7811BEC5-86AC-49C8-BB20-1A688868FBDA}.Release|iPhoneSimulator.ActiveCfg = Release|Any CPU
		{7811BEC5-86AC-49C8-BB20-1A688868FBDA}.Release|iPhoneSimulator.Build.0 = Release|Any CPU
		{6C30B2A1-65D4-49C8-8CB7-1BFAB9006831}.Ad-Hoc|Any CPU.ActiveCfg = Release|Any CPU
		{6C30B2A1-65D4-49C8-8CB7-1BFAB9006831}.Ad-Hoc|Any CPU.Build.0 = Release|Any CPU
		{6C30B2A1-65D4-49C8-8CB7-1BFAB9006831}.Ad-Hoc|iPhone.ActiveCfg = Release|Any CPU
		{6C30B2A1-65D4-49C8-8CB7-1BFAB9006831}.Ad-Hoc|iPhone.Build.0 = Release|Any CPU
		{6C30B2A1-65D4-49C8-8CB7-1BFAB9006831}.Ad-Hoc|iPhoneSimulator.ActiveCfg = Release|Any CPU
		{6C30B2A1-65D4-49C8-8CB7-1BFAB9006831}.Ad-Hoc|iPhoneSimulator.Build.0 = Release|Any CPU
		{6C30B2A1-65D4-49C8-8CB7-1BFAB9006831}.AppStore|Any CPU.ActiveCfg = Release|Any CPU
		{6C30B2A1-65D4-49C8-8CB7-1BFAB9006831}.AppStore|Any CPU.Build.0 = Release|Any CPU
		{6C30B2A1-65D4-49C8-8CB7-1BFAB9006831}.AppStore|iPhone.ActiveCfg = Release|Any CPU
		{6C30B2A1-65D4-49C8-8CB7-1BFAB9006831}.AppStore|iPhone.Build.0 = Release|Any CPU
		{6C30B2A1-65D4-49C8-8CB7-1BFAB9006831}.AppStore|iPhoneSimulator.ActiveCfg = Release|Any CPU
		{6C30B2A1-65D4-49C8-8CB7-1BFAB9006831}.AppStore|iPhoneSimulator.Build.0 = Release|Any CPU
		{6C30B2A1-65D4-49C8-8CB7-1BFAB9006831}.Debug|Any CPU.ActiveCfg = Debug|Any CPU
		{6C30B2A1-65D4-49C8-8CB7-1BFAB9006831}.Debug|Any CPU.Build.0 = Debug|Any CPU
		{6C30B2A1-65D4-49C8-8CB7-1BFAB9006831}.Debug|iPhone.ActiveCfg = Debug|Any CPU
		{6C30B2A1-65D4-49C8-8CB7-1BFAB9006831}.Debug|iPhone.Build.0 = Debug|Any CPU
		{6C30B2A1-65D4-49C8-8CB7-1BFAB9006831}.Debug|iPhoneSimulator.ActiveCfg = Debug|Any CPU
		{6C30B2A1-65D4-49C8-8CB7-1BFAB9006831}.Debug|iPhoneSimulator.Build.0 = Debug|Any CPU
		{6C30B2A1-65D4-49C8-8CB7-1BFAB9006831}.Release|Any CPU.ActiveCfg = Release|Any CPU
		{6C30B2A1-65D4-49C8-8CB7-1BFAB9006831}.Release|Any CPU.Build.0 = Release|Any CPU
		{6C30B2A1-65D4-49C8-8CB7-1BFAB9006831}.Release|iPhone.ActiveCfg = Release|Any CPU
		{6C30B2A1-65D4-49C8-8CB7-1BFAB9006831}.Release|iPhone.Build.0 = Release|Any CPU
		{6C30B2A1-65D4-49C8-8CB7-1BFAB9006831}.Release|iPhoneSimulator.ActiveCfg = Release|Any CPU
		{6C30B2A1-65D4-49C8-8CB7-1BFAB9006831}.Release|iPhoneSimulator.Build.0 = Release|Any CPU
	EndGlobalSection
	GlobalSection(SolutionProperties) = preSolution
		HideSolutionNode = FALSE
	EndGlobalSection
	GlobalSection(ExtensibilityGlobals) = postSolution
		SolutionGuid = {BAC457E2-3CD7-475D-A43B-7B45EE53BFB6}
	EndGlobalSection
EndGlobal
